
Microsoft Visual Studio Solution File, Format Version 12.00
# Visual Studio Version 16
VisualStudioVersion = 16.0.30907.101
MinimumVisualStudioVersion = 10.0.40219.1
Project("{FAE04EC0-301F-11D3-BF4B-00C04F79EFBC}") = "WebApiIdentity", "WebApiIdentity\WebApiIdentity.csproj", "{90474825-36BF-4CE7-9FC5-FE7FB1CADF7C}"
EndProject
Global
	GlobalSection(SolutionConfigurationPlatforms) = preSolution
		Debug|Any CPU = Debug|Any CPU
		Release|Any CPU = Release|Any CPU
	EndGlobalSection
	GlobalSection(ProjectConfigurationPlatforms) = postSolution
		{90474825-36BF-4CE7-9FC5-FE7FB1CADF7C}.Debug|Any CPU.ActiveCfg = Debug|Any CPU
		{90474825-36BF-4CE7-9FC5-FE7FB1CADF7C}.Debug|Any CPU.Build.0 = Debug|Any CPU
		{90474825-36BF-4CE7-9FC5-FE7FB1CADF7C}.Release|Any CPU.ActiveCfg = Release|Any CPU
		{90474825-36BF-4CE7-9FC5-FE7FB1CADF7C}.Release|Any CPU.Build.0 = Release|Any CPU
	EndGlobalSection
	GlobalSection(SolutionProperties) = preSolution
		HideSolutionNode = FALSE
	EndGlobalSection
	GlobalSection(ExtensibilityGlobals) = postSolution
		SolutionGuid = {F184DDC2-7226-4F32-A364-31662C256602}
	EndGlobalSection
EndGlobal
